{
  "name": "astn-loader-lib",
  "version": "0.23.0",
  "lockfileVersion": 2,
  "requires": true,
  "packages": {
    "": {
      "name": "astn-loader-lib",
      "version": "0.23.0",
      "license": "ISC",
      "dependencies": {
        "astn-expect-lib": "^0.18.0",
        "astn-mrshlschema-lib": "^0.22.0",
        "astn-parser-lib": "^0.23.0",
        "astn-tokenizer-lib": "^0.17.0",
        "astn-unmarshall-lib": "^0.21.0",
        "pareto-core-lib": "^0.4.0",
        "pareto-core-resolve": "^0.14.0"
      }
    },
    "node_modules/astn-expect-api": {
      "version": "0.6.0",
      "resolved": "https://registry.npmjs.org/astn-expect-api/-/astn-expect-api-0.6.0.tgz",
      "integrity": "sha512-CnwqcT8JvUyVqcJHMHl9n1icpmqwuxsp60ubNAcAnFWr6vBu8tmZS18u0kwWZ49nNVnR2zhY3/qKeSkA/K7LUg==",
      "dependencies": {
        "astn-handlers-api": "^0.13.0"
      }
    },
    "node_modules/astn-expect-lib": {
      "version": "0.18.0",
      "resolved": "https://registry.npmjs.org/astn-expect-lib/-/astn-expect-lib-0.18.0.tgz",
      "integrity": "sha512-Xk8X8v9NRPspQA0YRmL3j8o0yVtNLk0iMBORcldAJE9IJcwlVvbV0Qs9mUlVl3WgTXK376FdRmltMcAG0oofwQ==",
      "dependencies": {
        "astn-handlers-api": "^0.15.0",
        "pareto-core-candidates": "^0.13.0",
        "pareto-core-lib": "^0.11.0",
        "pareto-statemachine-core": "^0.1.0",
        "pareto-core-tostring": "^0.1.0",
        "pareto-ugly-stuff-api": "^0.10.0"
      }
    },
    "node_modules/astn-expect-lib/node_modules/astn-handlers-api": {
      "version": "0.15.0",
      "resolved": "https://registry.npmjs.org/astn-handlers-api/-/astn-handlers-api-0.15.0.tgz",
      "integrity": "sha512-oDMhz7IHJYQ52Mmz0V/7e0ENvMY7Uvy8dhcSSaC0rzHX2zo4kEOb6Dn5IcQ91QZF70GxctekyxLqxJqhXwnreA=="
    },
    "node_modules/astn-expect-lib/node_modules/pareto-core-lib": {
      "version": "0.11.0",
      "resolved": "https://registry.npmjs.org/pareto-core-lib/-/pareto-core-lib-0.11.0.tgz",
      "integrity": "sha512-1oxjBVEjORAot9gbEuA4hfolvTYi2iju6emT47zMpL/VwtHrVg42chtZAHQPU7AVGD+ItIeuoX4DMG9OnHJeDQ==",
      "dependencies": {
        "pareto-typesystem-core": "^0.4.0"
      }
    },
    "node_modules/astn-handlers-api": {
      "version": "0.13.0",
      "resolved": "https://registry.npmjs.org/astn-handlers-api/-/astn-handlers-api-0.13.0.tgz",
      "integrity": "sha512-H7//L+H+g5Vzxm+m0b7xG5WYcmuXogDDD+OohnGoS99fHpEk4UF2kwlLKy1lsJxRV+oC8PdzkM7n4Av4h6A8rg=="
    },
    "node_modules/astn-mrshlschema-api": {
      "version": "0.13.0",
      "resolved": "https://registry.npmjs.org/astn-mrshlschema-api/-/astn-mrshlschema-api-0.13.0.tgz",
      "integrity": "sha512-ErKr+eHH/mi5mPWyqjM7mr08O24bbEB19p602Dijk0XS8KAvdAT4wLMDjYvWuIep9m6HdCJjzdPyXoJOeob7Lg==",
      "dependencies": {
        "astn-handlers-api": "^0.13.0",
        "astn-typedhandlers-api": "^0.17.0",
        "pareto-resolve-api": "^0.2.0"
      }
    },
    "node_modules/astn-mrshlschema-lib": {
      "version": "0.22.0",
      "resolved": "https://registry.npmjs.org/astn-mrshlschema-lib/-/astn-mrshlschema-lib-0.22.0.tgz",
      "integrity": "sha512-ciDibKYV8xIU+xT8yPL2a0Z3UTl+DuG7K8xvUt+rNcxp/nw90JqegMwyptIq136sDYJZS68RJaBj7eJT+AkJ2w==",
      "dependencies": {
        "astn-expect-api": "^0.6.0",
        "astn-handlers-api": "^0.13.0",
        "astn-mrshlschema-api": "^0.13.0",
        "astn-typedhandlers-api": "^0.17.0",
        "pareto-lang-api": "^0.2.1",
        "pareto-core-lib": "^0.6.0",
        "pareto-resolve-api": "^0.2.0"
      }
    },
    "node_modules/astn-mrshlschema-lib/node_modules/pareto-core-lib": {
      "version": "0.6.0",
      "resolved": "https://registry.npmjs.org/pareto-core-lib/-/pareto-core-lib-0.6.0.tgz",
      "integrity": "sha512-Y365jVSamLVtucErTZnEVLBMAP7m0nBl4+IQ668dXIQHq36tC1na7j1fMRRu2aU5I5ld3U1tV1B46iHudW5+iA==",
      "dependencies": {
        "pareto-api-core": "^0.3.0"
      }
    },
    "node_modules/astn-parser-api": {
      "version": "0.26.0",
      "resolved": "https://registry.npmjs.org/astn-parser-api/-/astn-parser-api-0.26.0.tgz",
      "integrity": "sha512-zxRvc4wuTmjf8n1CBQ0+aA702A/PqeYFPeteUiqylaiHSLxBuwd207Vdp/Y4UJ8IiaTbnISpmfNHUjNoyCcWYQ==",
      "dependencies": {
        "astn-handlers-api": "^0.13.0",
        "astn-tokenconsumer-api": "^0.5.0"
      }
    },
    "node_modules/astn-parser-lib": {
      "version": "0.23.0",
      "resolved": "https://registry.npmjs.org/astn-parser-lib/-/astn-parser-lib-0.23.0.tgz",
      "integrity": "sha512-QwEfGzoFB28TaF9nZzwqY2Ivc3d+ouBR9MG1TG0CdnNVv7I2o3sGa5vBcN0M9Dabn9WyFf06NMra0I6s0K2ZtQ==",
      "dependencies": {
        "astn-parser-api": "^0.26.0",
        "pareto-core-lib": "^0.6.0"
      }
    },
    "node_modules/astn-parser-lib/node_modules/pareto-core-lib": {
      "version": "0.6.0",
      "resolved": "https://registry.npmjs.org/pareto-core-lib/-/pareto-core-lib-0.6.0.tgz",
      "integrity": "sha512-Y365jVSamLVtucErTZnEVLBMAP7m0nBl4+IQ668dXIQHq36tC1na7j1fMRRu2aU5I5ld3U1tV1B46iHudW5+iA==",
      "dependencies": {
        "pareto-api-core": "^0.3.0"
      }
    },
    "node_modules/astn-tokenconsumer-api": {
      "version": "0.5.0",
      "resolved": "https://registry.npmjs.org/astn-tokenconsumer-api/-/astn-tokenconsumer-api-0.5.0.tgz",
      "integrity": "sha512-NKbB0qt/4cLKpxBbiqnKc2akbsf97oqsjUf2l+osMSyLtzQHUgweg2+UhFBWhPj1hGBoCZXZuYLIdz3N/YFBAQ=="
    },
    "node_modules/astn-tokenizer-api": {
      "version": "0.8.0",
      "resolved": "https://registry.npmjs.org/astn-tokenizer-api/-/astn-tokenizer-api-0.8.0.tgz",
      "integrity": "sha512-ZaKqZ8spQlN/kSU7/WOZP6h+63soNjJy4zghZSeFnSLbrXGCzIRt1rSU5a1AbdDMUoIB1/SvGzDM+GSqn0Y6nQ==",
      "dependencies": {
        "astn-tokenconsumer-api": "^0.5.0"
      }
    },
    "node_modules/astn-tokenizer-lib": {
      "version": "0.17.0",
      "resolved": "https://registry.npmjs.org/astn-tokenizer-lib/-/astn-tokenizer-lib-0.17.0.tgz",
      "integrity": "sha512-b/vSzklT1vKIkJC4cJR5moa2GX7Uwjn3gsz0SUx9huX7qFv8RvZNnw0Wa/ff3J96gCl40T0l3dFNuuCOZLKmrw==",
      "dependencies": {
        "astn-tokenizer-api": "^0.8.0",
        "pareto-core-lib": "^0.6.0"
      }
    },
    "node_modules/astn-tokenizer-lib/node_modules/pareto-core-lib": {
      "version": "0.6.0",
      "resolved": "https://registry.npmjs.org/pareto-core-lib/-/pareto-core-lib-0.6.0.tgz",
      "integrity": "sha512-Y365jVSamLVtucErTZnEVLBMAP7m0nBl4+IQ668dXIQHq36tC1na7j1fMRRu2aU5I5ld3U1tV1B46iHudW5+iA==",
      "dependencies": {
        "pareto-api-core": "^0.3.0"
      }
    },
    "node_modules/astn-typedhandlers-api": {
      "version": "0.17.0",
      "resolved": "https://registry.npmjs.org/astn-typedhandlers-api/-/astn-typedhandlers-api-0.17.0.tgz",
      "integrity": "sha512-KNSGTqAJZDhC1D28X8DXd0PIbRK/R8VV1UOW32qaElZf8+LMtKy8+QP4VnzwiSfmzWlVPq19Z1azBZza4Wu+Nw==",
      "dependencies": {
        "astn-handlers-api": "^0.13.0",
        "pareto-api-core": "^0.3.0"
      }
    },
    "node_modules/astn-unmarshall-api": {
      "version": "0.15.0",
      "resolved": "https://registry.npmjs.org/astn-unmarshall-api/-/astn-unmarshall-api-0.15.0.tgz",
      "integrity": "sha512-0l6LACcMvscYTawjKgEEeIYKCxFVumcF8k8YT2Z/viXTwH43QEHVI1m1xmWGItN4mKMuAAA4FIKfUgPlZSvkFQ==",
      "dependencies": {
        "astn-handlers-api": "^0.13.0",
        "astn-typedhandlers-api": "^0.17.0"
      }
    },
    "node_modules/astn-unmarshall-lib": {
      "version": "0.21.0",
      "resolved": "https://registry.npmjs.org/astn-unmarshall-lib/-/astn-unmarshall-lib-0.21.0.tgz",
      "integrity": "sha512-rfQ4Mj3KgLjCAkUobxZSGu0apzlWjd4UAZEmCPZoYLOSz8dLiMaxHhUe+GAoG0y4+RM22uM4lqBHxqSYTxeG2A==",
      "dependencies": {
        "astn-handlers-api": "^0.13.0",
        "astn-typedhandlers-api": "^0.17.0",
        "astn-unmarshall-api": "^0.15.0",
        "pareto-core-lib": "^0.6.0"
      }
    },
    "node_modules/astn-unmarshall-lib/node_modules/pareto-core-lib": {
      "version": "0.6.0",
      "resolved": "https://registry.npmjs.org/pareto-core-lib/-/pareto-core-lib-0.6.0.tgz",
      "integrity": "sha512-Y365jVSamLVtucErTZnEVLBMAP7m0nBl4+IQ668dXIQHq36tC1na7j1fMRRu2aU5I5ld3U1tV1B46iHudW5+iA==",
      "dependencies": {
        "pareto-api-core": "^0.3.0"
      }
    },
    "node_modules/pareto-api-core": {
      "version": "0.3.0",
      "resolved": "https://registry.npmjs.org/pareto-api-core/-/pareto-api-core-0.3.0.tgz",
      "integrity": "sha512-3Ohd8JOwqzGk4eC3BpZR21dLp6hr1I/6AoUf23huzEDbWYmZfN1c9w3S78tm9DGQZ8/sOJl5nEGCaOudOWhohg=="
    },
    "node_modules/pareto-core-candidates": {
      "version": "0.13.0",
      "resolved": "https://registry.npmjs.org/pareto-core-candidates/-/pareto-core-candidates-0.13.0.tgz",
      "integrity": "sha512-p1KCsZaGLIkDoBSQgLWgzzPUD9EQA55x/bgX88y9PlR/9F+hjs/SyUrRD8yuJlLVAiLuAiAtQH2T47adpDsVNA==",
      "dependencies": {
        "pareto-core-lib": "^0.11.0",
        "pareto-statemachine-core": "^0.1.0"
      }
    },
    "node_modules/pareto-core-candidates/node_modules/pareto-core-lib": {
      "version": "0.11.0",
      "resolved": "https://registry.npmjs.org/pareto-core-lib/-/pareto-core-lib-0.11.0.tgz",
      "integrity": "sha512-1oxjBVEjORAot9gbEuA4hfolvTYi2iju6emT47zMpL/VwtHrVg42chtZAHQPU7AVGD+ItIeuoX4DMG9OnHJeDQ==",
      "dependencies": {
        "pareto-typesystem-core": "^0.4.0"
      }
    },
    "node_modules/pareto-lang-api": {
      "version": "0.2.1",
      "resolved": "https://registry.npmjs.org/pareto-lang-api/-/pareto-lang-api-0.2.1.tgz",
      "integrity": "sha512-VlL11rwSJBZuDTmiIpvUfKWyte9Tc4krUPcFW6Po5cCHxRG9/ePIv2A/EJ7gLk2RpPYTvHy0FNSdufbW5qzVGw==",
      "dependencies": {
        "pareto-api-core": "^0.3.0"
      }
    },
    "node_modules/pareto-core-lib": {
      "version": "0.13.0",
      "resolved": "https://registry.npmjs.org/pareto-core-lib/-/pareto-core-lib-0.13.0.tgz",
      "integrity": "sha512-fVEIhq2G7ZJ9VDowMaftS8MhyGCShQkk8h0JFFWLsEm3usM//gffdeOfxKBdoPa8gdKskVozv3wbWf6jFTnEUQ==",
      "dependencies": {
        "pareto-typesystem-core": "^0.6.0"
      }
    },
    "node_modules/pareto-core-lib/node_modules/pareto-typesystem-core": {
      "version": "0.6.0",
      "resolved": "https://registry.npmjs.org/pareto-typesystem-core/-/pareto-typesystem-core-0.6.0.tgz",
      "integrity": "sha512-CJwKu7lYvLBEzNuvbp5Vk8eND0Jsmlburk04/PsknFAx9QiN9EpYhRAQ1oJY4OAh6hZv6WY/kLAAAZu6w2LuxQ=="
    },
    "node_modules/pareto-resolve-api": {
      "version": "0.2.0",
      "resolved": "https://registry.npmjs.org/pareto-resolve-api/-/pareto-resolve-api-0.2.0.tgz",
      "integrity": "sha512-hVdhSMCPMLyFOAQw2kww2GnBOPNzNvhuFviRAzJvM7lCJUQZmmlAZT2zpyn7jxtz/+/Wf22zFYIqcUyVaKlQuQ==",
      "dependencies": {
        "pareto-api-core": "^0.3.0"
      }
    },
    "node_modules/pareto-core-resolve": {
      "version": "0.14.0",
      "resolved": "https://registry.npmjs.org/pareto-core-resolve/-/pareto-core-resolve-0.14.0.tgz",
      "integrity": "sha512-8C00E5209hSkWPu1qhSCFyUWIh+aJZ3Y9aqhF+oZfnyjB5wzNelEw0y6I8j1gsUuoMdE9MSjh3sUUmKnO1uRdg==",
      "dependencies": {
        "pareto-typesystem-core": "^0.6.0"
      }
    },
    "node_modules/pareto-core-resolve/node_modules/pareto-typesystem-core": {
      "version": "0.6.0",
      "resolved": "https://registry.npmjs.org/pareto-typesystem-core/-/pareto-typesystem-core-0.6.0.tgz",
      "integrity": "sha512-CJwKu7lYvLBEzNuvbp5Vk8eND0Jsmlburk04/PsknFAx9QiN9EpYhRAQ1oJY4OAh6hZv6WY/kLAAAZu6w2LuxQ=="
    },
    "node_modules/pareto-statemachine-core": {
      "version": "0.1.0",
      "resolved": "https://registry.npmjs.org/pareto-statemachine-core/-/pareto-statemachine-core-0.1.0.tgz",
      "integrity": "sha512-XqoC/61BJFiSM/t68k6TFMqHE8cbNI3xoyOmyrAUJzSjBXr3hUAUUxLIuMmx1SHUjaArQ07B1Glw4qgea0z5MA==",
      "dependencies": {
        "pareto-core-lib": "^0.11.0"
      }
    },
    "node_modules/pareto-statemachine-core/node_modules/pareto-core-lib": {
      "version": "0.11.0",
      "resolved": "https://registry.npmjs.org/pareto-core-lib/-/pareto-core-lib-0.11.0.tgz",
      "integrity": "sha512-1oxjBVEjORAot9gbEuA4hfolvTYi2iju6emT47zMpL/VwtHrVg42chtZAHQPU7AVGD+ItIeuoX4DMG9OnHJeDQ==",
      "dependencies": {
        "pareto-typesystem-core": "^0.4.0"
      }
    },
    "node_modules/pareto-core-tostring": {
      "version": "0.1.0",
      "resolved": "https://registry.npmjs.org/pareto-core-tostring/-/pareto-core-tostring-0.1.0.tgz",
      "integrity": "sha512-LfE6Op1vJvL+9nJZO/S1c92puLvj1UpookZYNwyzT1/xEGjp1Abwj0GqWNap86pUDPm25Z1qLr4Ua4+sD2Er1Q==",
      "dependencies": {
        "pareto-core-lib": "^0.11.0"
      }
    },
    "node_modules/pareto-core-tostring/node_modules/pareto-core-lib": {
      "version": "0.11.0",
      "resolved": "https://registry.npmjs.org/pareto-core-lib/-/pareto-core-lib-0.11.0.tgz",
      "integrity": "sha512-1oxjBVEjORAot9gbEuA4hfolvTYi2iju6emT47zMpL/VwtHrVg42chtZAHQPU7AVGD+ItIeuoX4DMG9OnHJeDQ==",
      "dependencies": {
        "pareto-typesystem-core": "^0.4.0"
      }
    },
    "node_modules/pareto-typesystem-core": {
      "version": "0.4.0",
      "resolved": "https://registry.npmjs.org/pareto-typesystem-core/-/pareto-typesystem-core-0.4.0.tgz",
      "integrity": "sha512-5fk2LTxNyo3TCz/+c9MTcbiWzJLBPL6uHuYXloOKdMtsGQ/djf4josk6NtfdTNpcJSGDapYGbiRm8uxfWp6e0w=="
    },
    "node_modules/pareto-ugly-stuff-api": {
      "version": "0.10.0",
      "resolved": "https://registry.npmjs.org/pareto-ugly-stuff-api/-/pareto-ugly-stuff-api-0.10.0.tgz",
      "integrity": "sha512-C8ViaFqXmGPivkPWxzg5bc+DDz/nKtXte9RFVBkvw3EUu0O2CzqKdBwB9T46njPXQkYDVvAflRDpcDjWJbbuGA==",
      "dependencies": {
        "pareto-typesystem-core": "^0.4.0"
      }
    }
  },
  "dependencies": {
    "astn-expect-api": {
      "version": "0.6.0",
      "resolved": "https://registry.npmjs.org/astn-expect-api/-/astn-expect-api-0.6.0.tgz",
      "integrity": "sha512-CnwqcT8JvUyVqcJHMHl9n1icpmqwuxsp60ubNAcAnFWr6vBu8tmZS18u0kwWZ49nNVnR2zhY3/qKeSkA/K7LUg==",
      "requires": {
        "astn-handlers-api": "^0.13.0"
      }
    },
    "astn-expect-lib": {
      "version": "0.18.0",
      "resolved": "https://registry.npmjs.org/astn-expect-lib/-/astn-expect-lib-0.18.0.tgz",
      "integrity": "sha512-Xk8X8v9NRPspQA0YRmL3j8o0yVtNLk0iMBORcldAJE9IJcwlVvbV0Qs9mUlVl3WgTXK376FdRmltMcAG0oofwQ==",
      "requires": {
        "astn-handlers-api": "^0.15.0",
        "pareto-core-candidates": "^0.13.0",
        "pareto-core-lib": "^0.11.0",
        "pareto-statemachine-core": "^0.1.0",
        "pareto-core-tostring": "^0.1.0",
        "pareto-ugly-stuff-api": "^0.10.0"
      },
      "dependencies": {
        "astn-handlers-api": {
          "version": "0.15.0",
          "resolved": "https://registry.npmjs.org/astn-handlers-api/-/astn-handlers-api-0.15.0.tgz",
          "integrity": "sha512-oDMhz7IHJYQ52Mmz0V/7e0ENvMY7Uvy8dhcSSaC0rzHX2zo4kEOb6Dn5IcQ91QZF70GxctekyxLqxJqhXwnreA=="
        },
        "pareto-core-lib": {
          "version": "0.11.0",
          "resolved": "https://registry.npmjs.org/pareto-core-lib/-/pareto-core-lib-0.11.0.tgz",
          "integrity": "sha512-1oxjBVEjORAot9gbEuA4hfolvTYi2iju6emT47zMpL/VwtHrVg42chtZAHQPU7AVGD+ItIeuoX4DMG9OnHJeDQ==",
          "requires": {
            "pareto-typesystem-core": "^0.4.0"
          }
        }
      }
    },
    "astn-handlers-api": {
      "version": "0.13.0",
      "resolved": "https://registry.npmjs.org/astn-handlers-api/-/astn-handlers-api-0.13.0.tgz",
      "integrity": "sha512-H7//L+H+g5Vzxm+m0b7xG5WYcmuXogDDD+OohnGoS99fHpEk4UF2kwlLKy1lsJxRV+oC8PdzkM7n4Av4h6A8rg=="
    },
    "astn-mrshlschema-api": {
      "version": "0.13.0",
      "resolved": "https://registry.npmjs.org/astn-mrshlschema-api/-/astn-mrshlschema-api-0.13.0.tgz",
      "integrity": "sha512-ErKr+eHH/mi5mPWyqjM7mr08O24bbEB19p602Dijk0XS8KAvdAT4wLMDjYvWuIep9m6HdCJjzdPyXoJOeob7Lg==",
      "requires": {
        "astn-handlers-api": "^0.13.0",
        "astn-typedhandlers-api": "^0.17.0",
        "pareto-resolve-api": "^0.2.0"
      }
    },
    "astn-mrshlschema-lib": {
      "version": "0.22.0",
      "resolved": "https://registry.npmjs.org/astn-mrshlschema-lib/-/astn-mrshlschema-lib-0.22.0.tgz",
      "integrity": "sha512-ciDibKYV8xIU+xT8yPL2a0Z3UTl+DuG7K8xvUt+rNcxp/nw90JqegMwyptIq136sDYJZS68RJaBj7eJT+AkJ2w==",
      "requires": {
        "astn-expect-api": "^0.6.0",
        "astn-handlers-api": "^0.13.0",
        "astn-mrshlschema-api": "^0.13.0",
        "astn-typedhandlers-api": "^0.17.0",
        "pareto-lang-api": "^0.2.1",
        "pareto-core-lib": "^0.6.0",
        "pareto-resolve-api": "^0.2.0"
      },
      "dependencies": {
        "pareto-core-lib": {
          "version": "0.6.0",
          "resolved": "https://registry.npmjs.org/pareto-core-lib/-/pareto-core-lib-0.6.0.tgz",
          "integrity": "sha512-Y365jVSamLVtucErTZnEVLBMAP7m0nBl4+IQ668dXIQHq36tC1na7j1fMRRu2aU5I5ld3U1tV1B46iHudW5+iA==",
          "requires": {
            "pareto-api-core": "^0.3.0"
          }
        }
      }
    },
    "astn-parser-api": {
      "version": "0.26.0",
      "resolved": "https://registry.npmjs.org/astn-parser-api/-/astn-parser-api-0.26.0.tgz",
      "integrity": "sha512-zxRvc4wuTmjf8n1CBQ0+aA702A/PqeYFPeteUiqylaiHSLxBuwd207Vdp/Y4UJ8IiaTbnISpmfNHUjNoyCcWYQ==",
      "requires": {
        "astn-handlers-api": "^0.13.0",
        "astn-tokenconsumer-api": "^0.5.0"
      }
    },
    "astn-parser-lib": {
      "version": "0.23.0",
      "resolved": "https://registry.npmjs.org/astn-parser-lib/-/astn-parser-lib-0.23.0.tgz",
      "integrity": "sha512-QwEfGzoFB28TaF9nZzwqY2Ivc3d+ouBR9MG1TG0CdnNVv7I2o3sGa5vBcN0M9Dabn9WyFf06NMra0I6s0K2ZtQ==",
      "requires": {
        "astn-parser-api": "^0.26.0",
        "pareto-core-lib": "^0.6.0"
      },
      "dependencies": {
        "pareto-core-lib": {
          "version": "0.6.0",
          "resolved": "https://registry.npmjs.org/pareto-core-lib/-/pareto-core-lib-0.6.0.tgz",
          "integrity": "sha512-Y365jVSamLVtucErTZnEVLBMAP7m0nBl4+IQ668dXIQHq36tC1na7j1fMRRu2aU5I5ld3U1tV1B46iHudW5+iA==",
          "requires": {
            "pareto-api-core": "^0.3.0"
          }
        }
      }
    },
    "astn-tokenconsumer-api": {
      "version": "0.5.0",
      "resolved": "https://registry.npmjs.org/astn-tokenconsumer-api/-/astn-tokenconsumer-api-0.5.0.tgz",
      "integrity": "sha512-NKbB0qt/4cLKpxBbiqnKc2akbsf97oqsjUf2l+osMSyLtzQHUgweg2+UhFBWhPj1hGBoCZXZuYLIdz3N/YFBAQ=="
    },
    "astn-tokenizer-api": {
      "version": "0.8.0",
      "resolved": "https://registry.npmjs.org/astn-tokenizer-api/-/astn-tokenizer-api-0.8.0.tgz",
      "integrity": "sha512-ZaKqZ8spQlN/kSU7/WOZP6h+63soNjJy4zghZSeFnSLbrXGCzIRt1rSU5a1AbdDMUoIB1/SvGzDM+GSqn0Y6nQ==",
      "requires": {
        "astn-tokenconsumer-api": "^0.5.0"
      }
    },
    "astn-tokenizer-lib": {
      "version": "0.17.0",
      "resolved": "https://registry.npmjs.org/astn-tokenizer-lib/-/astn-tokenizer-lib-0.17.0.tgz",
      "integrity": "sha512-b/vSzklT1vKIkJC4cJR5moa2GX7Uwjn3gsz0SUx9huX7qFv8RvZNnw0Wa/ff3J96gCl40T0l3dFNuuCOZLKmrw==",
      "requires": {
        "astn-tokenizer-api": "^0.8.0",
        "pareto-core-lib": "^0.6.0"
      },
      "dependencies": {
        "pareto-core-lib": {
          "version": "0.6.0",
          "resolved": "https://registry.npmjs.org/pareto-core-lib/-/pareto-core-lib-0.6.0.tgz",
          "integrity": "sha512-Y365jVSamLVtucErTZnEVLBMAP7m0nBl4+IQ668dXIQHq36tC1na7j1fMRRu2aU5I5ld3U1tV1B46iHudW5+iA==",
          "requires": {
            "pareto-api-core": "^0.3.0"
          }
        }
      }
    },
    "astn-typedhandlers-api": {
      "version": "0.17.0",
      "resolved": "https://registry.npmjs.org/astn-typedhandlers-api/-/astn-typedhandlers-api-0.17.0.tgz",
      "integrity": "sha512-KNSGTqAJZDhC1D28X8DXd0PIbRK/R8VV1UOW32qaElZf8+LMtKy8+QP4VnzwiSfmzWlVPq19Z1azBZza4Wu+Nw==",
      "requires": {
        "astn-handlers-api": "^0.13.0",
        "pareto-api-core": "^0.3.0"
      }
    },
    "astn-unmarshall-api": {
      "version": "0.15.0",
      "resolved": "https://registry.npmjs.org/astn-unmarshall-api/-/astn-unmarshall-api-0.15.0.tgz",
      "integrity": "sha512-0l6LACcMvscYTawjKgEEeIYKCxFVumcF8k8YT2Z/viXTwH43QEHVI1m1xmWGItN4mKMuAAA4FIKfUgPlZSvkFQ==",
      "requires": {
        "astn-handlers-api": "^0.13.0",
        "astn-typedhandlers-api": "^0.17.0"
      }
    },
    "astn-unmarshall-lib": {
      "version": "0.21.0",
      "resolved": "https://registry.npmjs.org/astn-unmarshall-lib/-/astn-unmarshall-lib-0.21.0.tgz",
      "integrity": "sha512-rfQ4Mj3KgLjCAkUobxZSGu0apzlWjd4UAZEmCPZoYLOSz8dLiMaxHhUe+GAoG0y4+RM22uM4lqBHxqSYTxeG2A==",
      "requires": {
        "astn-handlers-api": "^0.13.0",
        "astn-typedhandlers-api": "^0.17.0",
        "astn-unmarshall-api": "^0.15.0",
        "pareto-core-lib": "^0.6.0"
      },
      "dependencies": {
        "pareto-core-lib": {
          "version": "0.6.0",
          "resolved": "https://registry.npmjs.org/pareto-core-lib/-/pareto-core-lib-0.6.0.tgz",
          "integrity": "sha512-Y365jVSamLVtucErTZnEVLBMAP7m0nBl4+IQ668dXIQHq36tC1na7j1fMRRu2aU5I5ld3U1tV1B46iHudW5+iA==",
          "requires": {
            "pareto-api-core": "^0.3.0"
          }
        }
      }
    },
    "pareto-api-core": {
      "version": "0.3.0",
      "resolved": "https://registry.npmjs.org/pareto-api-core/-/pareto-api-core-0.3.0.tgz",
      "integrity": "sha512-3Ohd8JOwqzGk4eC3BpZR21dLp6hr1I/6AoUf23huzEDbWYmZfN1c9w3S78tm9DGQZ8/sOJl5nEGCaOudOWhohg=="
    },
    "pareto-core-candidates": {
      "version": "0.13.0",
      "resolved": "https://registry.npmjs.org/pareto-core-candidates/-/pareto-core-candidates-0.13.0.tgz",
      "integrity": "sha512-p1KCsZaGLIkDoBSQgLWgzzPUD9EQA55x/bgX88y9PlR/9F+hjs/SyUrRD8yuJlLVAiLuAiAtQH2T47adpDsVNA==",
      "requires": {
        "pareto-core-lib": "^0.11.0",
        "pareto-statemachine-core": "^0.1.0"
      },
      "dependencies": {
        "pareto-core-lib": {
          "version": "0.11.0",
          "resolved": "https://registry.npmjs.org/pareto-core-lib/-/pareto-core-lib-0.11.0.tgz",
          "integrity": "sha512-1oxjBVEjORAot9gbEuA4hfolvTYi2iju6emT47zMpL/VwtHrVg42chtZAHQPU7AVGD+ItIeuoX4DMG9OnHJeDQ==",
          "requires": {
            "pareto-typesystem-core": "^0.4.0"
          }
        }
      }
    },
    "pareto-lang-api": {
      "version": "0.2.1",
      "resolved": "https://registry.npmjs.org/pareto-lang-api/-/pareto-lang-api-0.2.1.tgz",
      "integrity": "sha512-VlL11rwSJBZuDTmiIpvUfKWyte9Tc4krUPcFW6Po5cCHxRG9/ePIv2A/EJ7gLk2RpPYTvHy0FNSdufbW5qzVGw==",
      "requires": {
        "pareto-api-core": "^0.3.0"
      }
    },
    "pareto-core-lib": {
      "version": "0.13.0",
      "resolved": "https://registry.npmjs.org/pareto-core-lib/-/pareto-core-lib-0.13.0.tgz",
      "integrity": "sha512-fVEIhq2G7ZJ9VDowMaftS8MhyGCShQkk8h0JFFWLsEm3usM//gffdeOfxKBdoPa8gdKskVozv3wbWf6jFTnEUQ==",
      "requires": {
        "pareto-typesystem-core": "^0.6.0"
      },
      "dependencies": {
        "pareto-typesystem-core": {
          "version": "0.6.0",
          "resolved": "https://registry.npmjs.org/pareto-typesystem-core/-/pareto-typesystem-core-0.6.0.tgz",
          "integrity": "sha512-CJwKu7lYvLBEzNuvbp5Vk8eND0Jsmlburk04/PsknFAx9QiN9EpYhRAQ1oJY4OAh6hZv6WY/kLAAAZu6w2LuxQ=="
        }
      }
    },
    "pareto-resolve-api": {
      "version": "0.2.0",
      "resolved": "https://registry.npmjs.org/pareto-resolve-api/-/pareto-resolve-api-0.2.0.tgz",
      "integrity": "sha512-hVdhSMCPMLyFOAQw2kww2GnBOPNzNvhuFviRAzJvM7lCJUQZmmlAZT2zpyn7jxtz/+/Wf22zFYIqcUyVaKlQuQ==",
      "requires": {
        "pareto-api-core": "^0.3.0"
      }
    },
    "pareto-core-resolve": {
      "version": "0.14.0",
      "resolved": "https://registry.npmjs.org/pareto-core-resolve/-/pareto-core-resolve-0.14.0.tgz",
      "integrity": "sha512-8C00E5209hSkWPu1qhSCFyUWIh+aJZ3Y9aqhF+oZfnyjB5wzNelEw0y6I8j1gsUuoMdE9MSjh3sUUmKnO1uRdg==",
      "requires": {
        "pareto-typesystem-core": "^0.6.0"
      },
      "dependencies": {
        "pareto-typesystem-core": {
          "version": "0.6.0",
          "resolved": "https://registry.npmjs.org/pareto-typesystem-core/-/pareto-typesystem-core-0.6.0.tgz",
          "integrity": "sha512-CJwKu7lYvLBEzNuvbp5Vk8eND0Jsmlburk04/PsknFAx9QiN9EpYhRAQ1oJY4OAh6hZv6WY/kLAAAZu6w2LuxQ=="
        }
      }
    },
    "pareto-statemachine-core": {
      "version": "0.1.0",
      "resolved": "https://registry.npmjs.org/pareto-statemachine-core/-/pareto-statemachine-core-0.1.0.tgz",
      "integrity": "sha512-XqoC/61BJFiSM/t68k6TFMqHE8cbNI3xoyOmyrAUJzSjBXr3hUAUUxLIuMmx1SHUjaArQ07B1Glw4qgea0z5MA==",
      "requires": {
        "pareto-core-lib": "^0.11.0"
      },
      "dependencies": {
        "pareto-core-lib": {
          "version": "0.11.0",
          "resolved": "https://registry.npmjs.org/pareto-core-lib/-/pareto-core-lib-0.11.0.tgz",
          "integrity": "sha512-1oxjBVEjORAot9gbEuA4hfolvTYi2iju6emT47zMpL/VwtHrVg42chtZAHQPU7AVGD+ItIeuoX4DMG9OnHJeDQ==",
          "requires": {
            "pareto-typesystem-core": "^0.4.0"
          }
        }
      }
    },
    "pareto-core-tostring": {
      "version": "0.1.0",
      "resolved": "https://registry.npmjs.org/pareto-core-tostring/-/pareto-core-tostring-0.1.0.tgz",
      "integrity": "sha512-LfE6Op1vJvL+9nJZO/S1c92puLvj1UpookZYNwyzT1/xEGjp1Abwj0GqWNap86pUDPm25Z1qLr4Ua4+sD2Er1Q==",
      "requires": {
        "pareto-core-lib": "^0.11.0"
      },
      "dependencies": {
        "pareto-core-lib": {
          "version": "0.11.0",
          "resolved": "https://registry.npmjs.org/pareto-core-lib/-/pareto-core-lib-0.11.0.tgz",
          "integrity": "sha512-1oxjBVEjORAot9gbEuA4hfolvTYi2iju6emT47zMpL/VwtHrVg42chtZAHQPU7AVGD+ItIeuoX4DMG9OnHJeDQ==",
          "requires": {
            "pareto-typesystem-core": "^0.4.0"
          }
        }
      }
    },
    "pareto-typesystem-core": {
      "version": "0.4.0",
      "resolved": "https://registry.npmjs.org/pareto-typesystem-core/-/pareto-typesystem-core-0.4.0.tgz",
      "integrity": "sha512-5fk2LTxNyo3TCz/+c9MTcbiWzJLBPL6uHuYXloOKdMtsGQ/djf4josk6NtfdTNpcJSGDapYGbiRm8uxfWp6e0w=="
    },
    "pareto-ugly-stuff-api": {
      "version": "0.10.0",
      "resolved": "https://registry.npmjs.org/pareto-ugly-stuff-api/-/pareto-ugly-stuff-api-0.10.0.tgz",
      "integrity": "sha512-C8ViaFqXmGPivkPWxzg5bc+DDz/nKtXte9RFVBkvw3EUu0O2CzqKdBwB9T46njPXQkYDVvAflRDpcDjWJbbuGA==",
      "requires": {
        "pareto-typesystem-core": "^0.4.0"
      }
    }
  }
}
